
Microsoft Visual Studio Solution File, Format Version 12.00
# Visual Studio Version 16
VisualStudioVersion = 16.0.30503.244
MinimumVisualStudioVersion = 10.0.40219.1
Project("{FAE04EC0-301F-11D3-BF4B-00C04F79EFBC}") = "ChamThiTracNghiem", "ChamThiTracNghiem\ChamThiTracNghiem.csproj", "{37C1B448-34B0-45F1-9663-09D492AEBFCC}"
EndProject
Global
	GlobalSection(SolutionConfigurationPlatforms) = preSolution
		Debug|Any CPU = Debug|Any CPU
		Release|Any CPU = Release|Any CPU
	EndGlobalSection
	GlobalSection(ProjectConfigurationPlatforms) = postSolution
		{37C1B448-34B0-45F1-9663-09D492AEBFCC}.Debug|Any CPU.ActiveCfg = Debug|Any CPU
		{37C1B448-34B0-45F1-9663-09D492AEBFCC}.Debug|Any CPU.Build.0 = Debug|Any CPU
		{37C1B448-34B0-45F1-9663-09D492AEBFCC}.Release|Any CPU.ActiveCfg = Release|Any CPU
		{37C1B448-34B0-45F1-9663-09D492AEBFCC}.Release|Any CPU.Build.0 = Release|Any CPU
	EndGlobalSection
	GlobalSection(SolutionProperties) = preSolution
		HideSolutionNode = FALSE
	EndGlobalSection
	GlobalSection(ExtensibilityGlobals) = postSolution
		SolutionGuid = {64148C87-4A06-44E7-95EC-4D7AABFB52C2}
	EndGlobalSection
EndGlobal
